{
  "version": "5",
  "redirects": {
    "https://esm.sh/@supabase/supabase-js@2": "https://esm.sh/@supabase/supabase-js@2.105.4"
  },
  "remote": {
    "https://deno.land/std@0.224.0/async/delay.ts": "f90dd685b97c2f142b8069082993e437b1602b8e2561134827eeb7c12b95c499",
    "https://deno.land/std@0.224.0/http/server.ts": "f9313804bf6467a1704f45f76cb6cd0a3396a3b31c316035e6a4c2035d1ea514",
    "https://esm.sh/@supabase/supabase-js@2.105.4": "92cda3ff3af2e241766bc1d53b87167b4d6376d43a0e2f31ddcd6d41a58d09f9"
  },
  "workspace": {
    "packageJson": {
      "dependencies": [
        "npm:@google/genai@^1.29.0",
        "npm:@supabase/supabase-js@^2.100.1",
        "npm:@tailwindcss/vite@^4.1.14",
        "npm:@types/express@^4.17.21",
        "npm:@types/node@^22.14.0",
        "npm:@types/react-dom@^19.2.3",
        "npm:@types/react@^19.2.14",
        "npm:@vitejs/plugin-react@^5.0.4",
        "npm:autoprefixer@^10.4.21",
        "npm:dotenv@^17.2.3",
        "npm:express@^4.21.2",
        "npm:lucide-react@0.546",
        "npm:motion@^12.23.24",
        "npm:react-dom@19",
        "npm:react-router-dom@^7.13.2",
        "npm:react@19",
        "npm:tailwindcss@^4.1.14",
        "npm:tsx@^4.21.0",
        "npm:typescript@~5.8.2",
        "npm:vite@^6.2.0"
      ]
    }
  }
}
